
Microsoft Visual Studio Solution File, Format Version 12.00
# Visual Studio 15
VisualStudioVersion = 15.0.28307.438
MinimumVisualStudioVersion = 10.0.40219.1
Project("{FAE04EC0-301F-11D3-BF4B-00C04F79EFBC}") = "LyaStudio.Android", "LyaStudio\LyaStudio.Android\LyaStudio.Android.csproj", "{875C84EC-ECD6-4FB0-B684-8AE2F351C1FA}"
EndProject
Project("{FAE04EC0-301F-11D3-BF4B-00C04F79EFBC}") = "LyaStudio.iOS", "LyaStudio\LyaStudio.iOS\LyaStudio.iOS.csproj", "{22EA6BCC-D6E0-409B-B3C1-E3AC329FA470}"
EndProject
Project("{FAE04EC0-301F-11D3-BF4B-00C04F79EFBC}") = "LyaStudio.UWP", "LyaStudio\LyaStudio.UWP\LyaStudio.UWP.csproj", "{E916F569-A30B-4C3B-A538-6041D97E22DB}"
EndProject
Project("{FAE04EC0-301F-11D3-BF4B-00C04F79EFBC}") = "LyaStudio", "LyaStudio\LyaStudio\LyaStudio.csproj", "{AB311495-E412-4E11-9DF1-582779D19186}"
EndProject
Global
	GlobalSection(SolutionConfigurationPlatforms) = preSolution
		Ad-Hoc|Any CPU = Ad-Hoc|Any CPU
		Ad-Hoc|ARM = Ad-Hoc|ARM
		Ad-Hoc|iPhone = Ad-Hoc|iPhone
		Ad-Hoc|iPhoneSimulator = Ad-Hoc|iPhoneSimulator
		Ad-Hoc|x64 = Ad-Hoc|x64
		Ad-Hoc|x86 = Ad-Hoc|x86
		AppStore|Any CPU = AppStore|Any CPU
		AppStore|ARM = AppStore|ARM
		AppStore|iPhone = AppStore|iPhone
		AppStore|iPhoneSimulator = AppStore|iPhoneSimulator
		AppStore|x64 = AppStore|x64
		AppStore|x86 = AppStore|x86
		Debug|Any CPU = Debug|Any CPU
		Debug|ARM = Debug|ARM
		Debug|iPhone = Debug|iPhone
		Debug|iPhoneSimulator = Debug|iPhoneSimulator
		Debug|x64 = Debug|x64
		Debug|x86 = Debug|x86
		Release|Any CPU = Release|Any CPU
		Release|ARM = Release|ARM
		Release|iPhone = Release|iPhone
		Release|iPhoneSimulator = Release|iPhoneSimulator
		Release|x64 = Release|x64
		Release|x86 = Release|x86
	EndGlobalSection
	GlobalSection(ProjectConfigurationPlatforms) = postSolution
		{875C84EC-ECD6-4FB0-B684-8AE2F351C1FA}.Ad-Hoc|Any CPU.ActiveCfg = Release|Any CPU
		{875C84EC-ECD6-4FB0-B684-8AE2F351C1FA}.Ad-Hoc|Any CPU.Build.0 = Release|Any CPU
		{875C84EC-ECD6-4FB0-B684-8AE2F351C1FA}.Ad-Hoc|Any CPU.Deploy.0 = Release|Any CPU
		{875C84EC-ECD6-4FB0-B684-8AE2F351C1FA}.Ad-Hoc|ARM.ActiveCfg = Release|Any CPU
		{875C84EC-ECD6-4FB0-B684-8AE2F351C1FA}.Ad-Hoc|ARM.Build.0 = Release|Any CPU
		{875C84EC-ECD6-4FB0-B684-8AE2F351C1FA}.Ad-Hoc|ARM.Deploy.0 = Release|Any CPU
		{875C84EC-ECD6-4FB0-B684-8AE2F351C1FA}.Ad-Hoc|iPhone.ActiveCfg = Release|Any CPU
		{875C84EC-ECD6-4FB0-B684-8AE2F351C1FA}.Ad-Hoc|iPhone.Build.0 = Release|Any CPU
		{875C84EC-ECD6-4FB0-B684-8AE2F351C1FA}.Ad-Hoc|iPhone.Deploy.0 = Release|Any CPU
		{875C84EC-ECD6-4FB0-B684-8AE2F351C1FA}.Ad-Hoc|iPhoneSimulator.ActiveCfg = Release|Any CPU
		{875C84EC-ECD6-4FB0-B684-8AE2F351C1FA}.Ad-Hoc|iPhoneSimulator.Build.0 = Release|Any CPU
		{875C84EC-ECD6-4FB0-B684-8AE2F351C1FA}.Ad-Hoc|iPhoneSimulator.Deploy.0 = Release|Any CPU
		{875C84EC-ECD6-4FB0-B684-8AE2F351C1FA}.Ad-Hoc|x64.ActiveCfg = Release|Any CPU
		{875C84EC-ECD6-4FB0-B684-8AE2F351C1FA}.Ad-Hoc|x64.Build.0 = Release|Any CPU
		{875C84EC-ECD6-4FB0-B684-8AE2F351C1FA}.Ad-Hoc|x64.Deploy.0 = Release|Any CPU
		{875C84EC-ECD6-4FB0-B684-8AE2F351C1FA}.Ad-Hoc|x86.ActiveCfg = Release|Any CPU
		{875C84EC-ECD6-4FB0-B684-8AE2F351C1FA}.Ad-Hoc|x86.Build.0 = Release|Any CPU
		{875C84EC-ECD6-4FB0-B684-8AE2F351C1FA}.Ad-Hoc|x86.Deploy.0 = Release|Any CPU
		{875C84EC-ECD6-4FB0-B684-8AE2F351C1FA}.AppStore|Any CPU.ActiveCfg = Release|Any CPU
		{875C84EC-ECD6-4FB0-B684-8AE2F351C1FA}.AppStore|Any CPU.Build.0 = Release|Any CPU
		{875C84EC-ECD6-4FB0-B684-8AE2F351C1FA}.AppStore|Any CPU.Deploy.0 = Release|Any CPU
		{875C84EC-ECD6-4FB0-B684-8AE2F351C1FA}.AppStore|ARM.ActiveCfg = Release|Any CPU
		{875C84EC-ECD6-4FB0-B684-8AE2F351C1FA}.AppStore|ARM.Build.0 = Release|Any CPU
		{875C84EC-ECD6-4FB0-B684-8AE2F351C1FA}.AppStore|ARM.Deploy.0 = Release|Any CPU
		{875C84EC-ECD6-4FB0-B684-8AE2F351C1FA}.AppStore|iPhone.ActiveCfg = Release|Any CPU
		{875C84EC-ECD6-4FB0-B684-8AE2F351C1FA}.AppStore|iPhone.Build.0 = Release|Any CPU
		{875C84EC-ECD6-4FB0-B684-8AE2F351C1FA}.AppStore|iPhone.Deploy.0 = Release|Any CPU
		{875C84EC-ECD6-4FB0-B684-8AE2F351C1FA}.AppStore|iPhoneSimulator.ActiveCfg = Release|Any CPU
		{875C84EC-ECD6-4FB0-B684-8AE2F351C1FA}.AppStore|iPhoneSimulator.Build.0 = Release|Any CPU
		{875C84EC-ECD6-4FB0-B684-8AE2F351C1FA}.AppStore|iPhoneSimulator.Deploy.0 = Release|Any CPU
		{875C84EC-ECD6-4FB0-B684-8AE2F351C1FA}.AppStore|x64.ActiveCfg = Release|Any CPU
		{875C84EC-ECD6-4FB0-B684-8AE2F351C1FA}.AppStore|x64.Build.0 = Release|Any CPU
		{875C84EC-ECD6-4FB0-B684-8AE2F351C1FA}.AppStore|x64.Deploy.0 = Release|Any CPU
		{875C84EC-ECD6-4FB0-B684-8AE2F351C1FA}.AppStore|x86.ActiveCfg = Release|Any CPU
		{875C84EC-ECD6-4FB0-B684-8AE2F351C1FA}.AppStore|x86.Build.0 = Release|Any CPU
		{875C84EC-ECD6-4FB0-B684-8AE2F351C1FA}.AppStore|x86.Deploy.0 = Release|Any CPU
		{875C84EC-ECD6-4FB0-B684-8AE2F351C1FA}.Debug|Any CPU.ActiveCfg = Debug|Any CPU
		{875C84EC-ECD6-4FB0-B684-8AE2F351C1FA}.Debug|Any CPU.Build.0 = Debug|Any CPU
		{875C84EC-ECD6-4FB0-B684-8AE2F351C1FA}.Debug|Any CPU.Deploy.0 = Debug|Any CPU
		{875C84EC-ECD6-4FB0-B684-8AE2F351C1FA}.Debug|ARM.ActiveCfg = Debug|Any CPU
		{875C84EC-ECD6-4FB0-B684-8AE2F351C1FA}.Debug|ARM.Build.0 = Debug|Any CPU
		{875C84EC-ECD6-4FB0-B684-8AE2F351C1FA}.Debug|ARM.Deploy.0 = Debug|Any CPU
		{875C84EC-ECD6-4FB0-B684-8AE2F351C1FA}.Debug|iPhone.ActiveCfg = Debug|Any CPU
		{875C84EC-ECD6-4FB0-B684-8AE2F351C1FA}.Debug|iPhone.Build.0 = Debug|Any CPU
		{875C84EC-ECD6-4FB0-B684-8AE2F351C1FA}.Debug|iPhone.Deploy.0 = Debug|Any CPU
		{875C84EC-ECD6-4FB0-B684-8AE2F351C1FA}.Debug|iPhoneSimulator.ActiveCfg = Debug|Any CPU
		{875C84EC-ECD6-4FB0-B684-8AE2F351C1FA}.Debug|iPhoneSimulator.Build.0 = Debug|Any CPU
		{875C84EC-ECD6-4FB0-B684-8AE2F351C1FA}.Debug|iPhoneSimulator.Deploy.0 = Debug|Any CPU
		{875C84EC-ECD6-4FB0-B684-8AE2F351C1FA}.Debug|x64.ActiveCfg = Debug|Any CPU
		{875C84EC-ECD6-4FB0-B684-8AE2F351C1FA}.Debug|x64.Build.0 = Debug|Any CPU
		{875C84EC-ECD6-4FB0-B684-8AE2F351C1FA}.Debug|x64.Deploy.0 = Debug|Any CPU
		{875C84EC-ECD6-4FB0-B684-8AE2F351C1FA}.Debug|x86.ActiveCfg = Debug|Any CPU
		{875C84EC-ECD6-4FB0-B684-8AE2F351C1FA}.Debug|x86.Build.0 = Debug|Any CPU
		{875C84EC-ECD6-4FB0-B684-8AE2F351C1FA}.Debug|x86.Deploy.0 = Debug|Any CPU
		{875C84EC-ECD6-4FB0-B684-8AE2F351C1FA}.Release|Any CPU.ActiveCfg = Release|Any CPU
		{875C84EC-ECD6-4FB0-B684-8AE2F351C1FA}.Release|Any CPU.Build.0 = Release|Any CPU
		{875C84EC-ECD6-4FB0-B684-8AE2F351C1FA}.Release|Any CPU.Deploy.0 = Release|Any CPU
		{875C84EC-ECD6-4FB0-B684-8AE2F351C1FA}.Release|ARM.ActiveCfg = Release|Any CPU
		{875C84EC-ECD6-4FB0-B684-8AE2F351C1FA}.Release|ARM.Build.0 = Release|Any CPU
		{875C84EC-ECD6-4FB0-B684-8AE2F351C1FA}.Release|ARM.Deploy.0 = Release|Any CPU
		{875C84EC-ECD6-4FB0-B684-8AE2F351C1FA}.Release|iPhone.ActiveCfg = Release|Any CPU
		{875C84EC-ECD6-4FB0-B684-8AE2F351C1FA}.Release|iPhone.Build.0 = Release|Any CPU
		{875C84EC-ECD6-4FB0-B684-8AE2F351C1FA}.Release|iPhone.Deploy.0 = Release|Any CPU
		{875C84EC-ECD6-4FB0-B684-8AE2F351C1FA}.Release|iPhoneSimulator.ActiveCfg = Release|Any CPU
		{875C84EC-ECD6-4FB0-B684-8AE2F351C1FA}.Release|iPhoneSimulator.Build.0 = Release|Any CPU
		{875C84EC-ECD6-4FB0-B684-8AE2F351C1FA}.Release|iPhoneSimulator.Deploy.0 = Release|Any CPU
		{875C84EC-ECD6-4FB0-B684-8AE2F351C1FA}.Release|x64.ActiveCfg = Release|Any CPU
		{875C84EC-ECD6-4FB0-B684-8AE2F351C1FA}.Release|x64.Build.0 = Release|Any CPU
		{875C84EC-ECD6-4FB0-B684-8AE2F351C1FA}.Release|x64.Deploy.0 = Release|Any CPU
		{875C84EC-ECD6-4FB0-B684-8AE2F351C1FA}.Release|x86.ActiveCfg = Release|Any CPU
		{875C84EC-ECD6-4FB0-B684-8AE2F351C1FA}.Release|x86.Build.0 = Release|Any CPU
		{875C84EC-ECD6-4FB0-B684-8AE2F351C1FA}.Release|x86.Deploy.0 = Release|Any CPU
		{22EA6BCC-D6E0-409B-B3C1-E3AC329FA470}.Ad-Hoc|Any CPU.ActiveCfg = Ad-Hoc|iPhone
		{22EA6BCC-D6E0-409B-B3C1-E3AC329FA470}.Ad-Hoc|Any CPU.Build.0 = Ad-Hoc|iPhone
		{22EA6BCC-D6E0-409B-B3C1-E3AC329FA470}.Ad-Hoc|Any CPU.Deploy.0 = Ad-Hoc|iPhone
		{22EA6BCC-D6E0-409B-B3C1-E3AC329FA470}.Ad-Hoc|ARM.ActiveCfg = Ad-Hoc|iPhone
		{22EA6BCC-D6E0-409B-B3C1-E3AC329FA470}.Ad-Hoc|ARM.Build.0 = Ad-Hoc|iPhone
		{22EA6BCC-D6E0-409B-B3C1-E3AC329FA470}.Ad-Hoc|ARM.Deploy.0 = Ad-Hoc|iPhone
		{22EA6BCC-D6E0-409B-B3C1-E3AC329FA470}.Ad-Hoc|iPhone.ActiveCfg = Ad-Hoc|iPhone
		{22EA6BCC-D6E0-409B-B3C1-E3AC329FA470}.Ad-Hoc|iPhone.Build.0 = Ad-Hoc|iPhone
		{22EA6BCC-D6E0-409B-B3C1-E3AC329FA470}.Ad-Hoc|iPhone.Deploy.0 = Ad-Hoc|iPhone
		{22EA6BCC-D6E0-409B-B3C1-E3AC329FA470}.Ad-Hoc|iPhoneSimulator.ActiveCfg = Ad-Hoc|iPhoneSimulator
		{22EA6BCC-D6E0-409B-B3C1-E3AC329FA470}.Ad-Hoc|iPhoneSimulator.Build.0 = Ad-Hoc|iPhoneSimulator
		{22EA6BCC-D6E0-409B-B3C1-E3AC329FA470}.Ad-Hoc|iPhoneSimulator.Deploy.0 = Ad-Hoc|iPhoneSimulator
		{22EA6BCC-D6E0-409B-B3C1-E3AC329FA470}.Ad-Hoc|x64.ActiveCfg = Ad-Hoc|iPhone
		{22EA6BCC-D6E0-409B-B3C1-E3AC329FA470}.Ad-Hoc|x64.Build.0 = Ad-Hoc|iPhone
		{22EA6BCC-D6E0-409B-B3C1-E3AC329FA470}.Ad-Hoc|x64.Deploy.0 = Ad-Hoc|iPhone
		{22EA6BCC-D6E0-409B-B3C1-E3AC329FA470}.Ad-Hoc|x86.ActiveCfg = Ad-Hoc|iPhone
		{22EA6BCC-D6E0-409B-B3C1-E3AC329FA470}.Ad-Hoc|x86.Build.0 = Ad-Hoc|iPhone
		{22EA6BCC-D6E0-409B-B3C1-E3AC329FA470}.Ad-Hoc|x86.Deploy.0 = Ad-Hoc|iPhone
		{22EA6BCC-D6E0-409B-B3C1-E3AC329FA470}.AppStore|Any CPU.ActiveCfg = AppStore|iPhone
		{22EA6BCC-D6E0-409B-B3C1-E3AC329FA470}.AppStore|Any CPU.Build.0 = AppStore|iPhone
		{22EA6BCC-D6E0-409B-B3C1-E3AC329FA470}.AppStore|Any CPU.Deploy.0 = AppStore|iPhone
		{22EA6BCC-D6E0-409B-B3C1-E3AC329FA470}.AppStore|ARM.ActiveCfg = AppStore|iPhone
		{22EA6BCC-D6E0-409B-B3C1-E3AC329FA470}.AppStore|ARM.Build.0 = AppStore|iPhone
		{22EA6BCC-D6E0-409B-B3C1-E3AC329FA470}.AppStore|ARM.Deploy.0 = AppStore|iPhone
		{22EA6BCC-D6E0-409B-B3C1-E3AC329FA470}.AppStore|iPhone.ActiveCfg = AppStore|iPhone
		{22EA6BCC-D6E0-409B-B3C1-E3AC329FA470}.AppStore|iPhone.Build.0 = AppStore|iPhone
		{22EA6BCC-D6E0-409B-B3C1-E3AC329FA470}.AppStore|iPhone.Deploy.0 = AppStore|iPhone
		{22EA6BCC-D6E0-409B-B3C1-E3AC329FA470}.AppStore|iPhoneSimulator.ActiveCfg = AppStore|iPhoneSimulator
		{22EA6BCC-D6E0-409B-B3C1-E3AC329FA470}.AppStore|iPhoneSimulator.Build.0 = AppStore|iPhoneSimulator
		{22EA6BCC-D6E0-409B-B3C1-E3AC329FA470}.AppStore|iPhoneSimulator.Deploy.0 = AppStore|iPhoneSimulator
		{22EA6BCC-D6E0-409B-B3C1-E3AC329FA470}.AppStore|x64.ActiveCfg = AppStore|iPhone
		{22EA6BCC-D6E0-409B-B3C1-E3AC329FA470}.AppStore|x64.Build.0 = AppStore|iPhone
		{22EA6BCC-D6E0-409B-B3C1-E3AC329FA470}.AppStore|x64.Deploy.0 = AppStore|iPhone
		{22EA6BCC-D6E0-409B-B3C1-E3AC329FA470}.AppStore|x86.ActiveCfg = AppStore|iPhone
		{22EA6BCC-D6E0-409B-B3C1-E3AC329FA470}.AppStore|x86.Build.0 = AppStore|iPhone
		{22EA6BCC-D6E0-409B-B3C1-E3AC329FA470}.AppStore|x86.Deploy.0 = AppStore|iPhone
		{22EA6BCC-D6E0-409B-B3C1-E3AC329FA470}.Debug|Any CPU.ActiveCfg = Debug|iPhoneSimulator
		{22EA6BCC-D6E0-409B-B3C1-E3AC329FA470}.Debug|Any CPU.Deploy.0 = Debug|iPhoneSimulator
		{22EA6BCC-D6E0-409B-B3C1-E3AC329FA470}.Debug|ARM.ActiveCfg = Debug|iPhone
		{22EA6BCC-D6E0-409B-B3C1-E3AC329FA470}.Debug|ARM.Build.0 = Debug|iPhone
		{22EA6BCC-D6E0-409B-B3C1-E3AC329FA470}.Debug|ARM.Deploy.0 = Debug|iPhone
		{22EA6BCC-D6E0-409B-B3C1-E3AC329FA470}.Debug|iPhone.ActiveCfg = Debug|iPhone
		{22EA6BCC-D6E0-409B-B3C1-E3AC329FA470}.Debug|iPhone.Build.0 = Debug|iPhone
		{22EA6BCC-D6E0-409B-B3C1-E3AC329FA470}.Debug|iPhone.Deploy.0 = Debug|iPhone
		{22EA6BCC-D6E0-409B-B3C1-E3AC329FA470}.Debug|iPhoneSimulator.ActiveCfg = Debug|iPhoneSimulator
		{22EA6BCC-D6E0-409B-B3C1-E3AC329FA470}.Debug|iPhoneSimulator.Build.0 = Debug|iPhoneSimulator
		{22EA6BCC-D6E0-409B-B3C1-E3AC329FA470}.Debug|iPhoneSimulator.Deploy.0 = Debug|iPhoneSimulator
		{22EA6BCC-D6E0-409B-B3C1-E3AC329FA470}.Debug|x64.ActiveCfg = Debug|iPhone
		{22EA6BCC-D6E0-409B-B3C1-E3AC329FA470}.Debug|x64.Build.0 = Debug|iPhone
		{22EA6BCC-D6E0-409B-B3C1-E3AC329FA470}.Debug|x64.Deploy.0 = Debug|iPhone
		{22EA6BCC-D6E0-409B-B3C1-E3AC329FA470}.Debug|x86.ActiveCfg = Debug|iPhone
		{22EA6BCC-D6E0-409B-B3C1-E3AC329FA470}.Debug|x86.Build.0 = Debug|iPhone
		{22EA6BCC-D6E0-409B-B3C1-E3AC329FA470}.Debug|x86.Deploy.0 = Debug|iPhone
		{22EA6BCC-D6E0-409B-B3C1-E3AC329FA470}.Release|Any CPU.ActiveCfg = Release|iPhone
		{22EA6BCC-D6E0-409B-B3C1-E3AC329FA470}.Release|Any CPU.Build.0 = Release|iPhone
		{22EA6BCC-D6E0-409B-B3C1-E3AC329FA470}.Release|Any CPU.Deploy.0 = Release|iPhone
		{22EA6BCC-D6E0-409B-B3C1-E3AC329FA470}.Release|ARM.ActiveCfg = Release|iPhone
		{22EA6BCC-D6E0-409B-B3C1-E3AC329FA470}.Release|ARM.Build.0 = Release|iPhone
		{22EA6BCC-D6E0-409B-B3C1-E3AC329FA470}.Release|ARM.Deploy.0 = Release|iPhone
		{22EA6BCC-D6E0-409B-B3C1-E3AC329FA470}.Release|iPhone.ActiveCfg = Release|iPhone
		{22EA6BCC-D6E0-409B-B3C1-E3AC329FA470}.Release|iPhone.Build.0 = Release|iPhone
		{22EA6BCC-D6E0-409B-B3C1-E3AC329FA470}.Release|iPhone.Deploy.0 = Release|iPhone
		{22EA6BCC-D6E0-409B-B3C1-E3AC329FA470}.Release|iPhoneSimulator.ActiveCfg = Release|iPhoneSimulator
		{22EA6BCC-D6E0-409B-B3C1-E3AC329FA470}.Release|iPhoneSimulator.Build.0 = Release|iPhoneSimulator
		{22EA6BCC-D6E0-409B-B3C1-E3AC329FA470}.Release|iPhoneSimulator.Deploy.0 = Release|iPhoneSimulator
		{22EA6BCC-D6E0-409B-B3C1-E3AC329FA470}.Release|x64.ActiveCfg = Release|iPhone
		{22EA6BCC-D6E0-409B-B3C1-E3AC329FA470}.Release|x64.Build.0 = Release|iPhone
		{22EA6BCC-D6E0-409B-B3C1-E3AC329FA470}.Release|x64.Deploy.0 = Release|iPhone
		{22EA6BCC-D6E0-409B-B3C1-E3AC329FA470}.Release|x86.ActiveCfg = Release|iPhone
		{22EA6BCC-D6E0-409B-B3C1-E3AC329FA470}.Release|x86.Build.0 = Release|iPhone
		{22EA6BCC-D6E0-409B-B3C1-E3AC329FA470}.Release|x86.Deploy.0 = Release|iPhone
		{E916F569-A30B-4C3B-A538-6041D97E22DB}.Ad-Hoc|Any CPU.ActiveCfg = Release|x86
		{E916F569-A30B-4C3B-A538-6041D97E22DB}.Ad-Hoc|Any CPU.Build.0 = Release|x86
		{E916F569-A30B-4C3B-A538-6041D97E22DB}.Ad-Hoc|Any CPU.Deploy.0 = Release|x86
		{E916F569-A30B-4C3B-A538-6041D97E22DB}.Ad-Hoc|ARM.ActiveCfg = Release|ARM
		{E916F569-A30B-4C3B-A538-6041D97E22DB}.Ad-Hoc|ARM.Build.0 = Release|ARM
		{E916F569-A30B-4C3B-A538-6041D97E22DB}.Ad-Hoc|ARM.Deploy.0 = Release|ARM
		{E916F569-A30B-4C3B-A538-6041D97E22DB}.Ad-Hoc|iPhone.ActiveCfg = Release|x86
		{E916F569-A30B-4C3B-A538-6041D97E22DB}.Ad-Hoc|iPhone.Build.0 = Release|x86
		{E916F569-A30B-4C3B-A538-6041D97E22DB}.Ad-Hoc|iPhone.Deploy.0 = Release|x86
		{E916F569-A30B-4C3B-A538-6041D97E22DB}.Ad-Hoc|iPhoneSimulator.ActiveCfg = Release|x86
		{E916F569-A30B-4C3B-A538-6041D97E22DB}.Ad-Hoc|iPhoneSimulator.Build.0 = Release|x86
		{E916F569-A30B-4C3B-A538-6041D97E22DB}.Ad-Hoc|iPhoneSimulator.Deploy.0 = Release|x86
		{E916F569-A30B-4C3B-A538-6041D97E22DB}.Ad-Hoc|x64.ActiveCfg = Release|x64
		{E916F569-A30B-4C3B-A538-6041D97E22DB}.Ad-Hoc|x64.Build.0 = Release|x64
		{E916F569-A30B-4C3B-A538-6041D97E22DB}.Ad-Hoc|x64.Deploy.0 = Release|x64
		{E916F569-A30B-4C3B-A538-6041D97E22DB}.Ad-Hoc|x86.ActiveCfg = Release|x86
		{E916F569-A30B-4C3B-A538-6041D97E22DB}.Ad-Hoc|x86.Build.0 = Release|x86
		{E916F569-A30B-4C3B-A538-6041D97E22DB}.Ad-Hoc|x86.Deploy.0 = Release|x86
		{E916F569-A30B-4C3B-A538-6041D97E22DB}.AppStore|Any CPU.ActiveCfg = Release|x86
		{E916F569-A30B-4C3B-A538-6041D97E22DB}.AppStore|Any CPU.Build.0 = Release|x86
		{E916F569-A30B-4C3B-A538-6041D97E22DB}.AppStore|Any CPU.Deploy.0 = Release|x86
		{E916F569-A30B-4C3B-A538-6041D97E22DB}.AppStore|ARM.ActiveCfg = Release|ARM
		{E916F569-A30B-4C3B-A538-6041D97E22DB}.AppStore|ARM.Build.0 = Release|ARM
		{E916F569-A30B-4C3B-A538-6041D97E22DB}.AppStore|ARM.Deploy.0 = Release|ARM
		{E916F569-A30B-4C3B-A538-6041D97E22DB}.AppStore|iPhone.ActiveCfg = Release|x86
		{E916F569-A30B-4C3B-A538-6041D97E22DB}.AppStore|iPhone.Build.0 = Release|x86
		{E916F569-A30B-4C3B-A538-6041D97E22DB}.AppStore|iPhone.Deploy.0 = Release|x86
		{E916F569-A30B-4C3B-A538-6041D97E22DB}.AppStore|iPhoneSimulator.ActiveCfg = Release|x86
		{E916F569-A30B-4C3B-A538-6041D97E22DB}.AppStore|iPhoneSimulator.Build.0 = Release|x86
		{E916F569-A30B-4C3B-A538-6041D97E22DB}.AppStore|iPhoneSimulator.Deploy.0 = Release|x86
		{E916F569-A30B-4C3B-A538-6041D97E22DB}.AppStore|x64.ActiveCfg = Release|x64
		{E916F569-A30B-4C3B-A538-6041D97E22DB}.AppStore|x64.Build.0 = Release|x64
		{E916F569-A30B-4C3B-A538-6041D97E22DB}.AppStore|x64.Deploy.0 = Release|x64
		{E916F569-A30B-4C3B-A538-6041D97E22DB}.AppStore|x86.ActiveCfg = Release|x86
		{E916F569-A30B-4C3B-A538-6041D97E22DB}.AppStore|x86.Build.0 = Release|x86
		{E916F569-A30B-4C3B-A538-6041D97E22DB}.AppStore|x86.Deploy.0 = Release|x86
		{E916F569-A30B-4C3B-A538-6041D97E22DB}.Debug|Any CPU.ActiveCfg = Debug|x86
		{E916F569-A30B-4C3B-A538-6041D97E22DB}.Debug|ARM.ActiveCfg = Debug|ARM
		{E916F569-A30B-4C3B-A538-6041D97E22DB}.Debug|ARM.Build.0 = Debug|ARM
		{E916F569-A30B-4C3B-A538-6041D97E22DB}.Debug|ARM.Deploy.0 = Debug|ARM
		{E916F569-A30B-4C3B-A538-6041D97E22DB}.Debug|iPhone.ActiveCfg = Debug|x86
		{E916F569-A30B-4C3B-A538-6041D97E22DB}.Debug|iPhone.Build.0 = Debug|x86
		{E916F569-A30B-4C3B-A538-6041D97E22DB}.Debug|iPhone.Deploy.0 = Debug|x86
		{E916F569-A30B-4C3B-A538-6041D97E22DB}.Debug|iPhoneSimulator.ActiveCfg = Debug|x86
		{E916F569-A30B-4C3B-A538-6041D97E22DB}.Debug|iPhoneSimulator.Build.0 = Debug|x86
		{E916F569-A30B-4C3B-A538-6041D97E22DB}.Debug|iPhoneSimulator.Deploy.0 = Debug|x86
		{E916F569-A30B-4C3B-A538-6041D97E22DB}.Debug|x64.ActiveCfg = Debug|x64
		{E916F569-A30B-4C3B-A538-6041D97E22DB}.Debug|x64.Build.0 = Debug|x64
		{E916F569-A30B-4C3B-A538-6041D97E22DB}.Debug|x64.Deploy.0 = Debug|x64
		{E916F569-A30B-4C3B-A538-6041D97E22DB}.Debug|x86.ActiveCfg = Debug|x86
		{E916F569-A30B-4C3B-A538-6041D97E22DB}.Debug|x86.Build.0 = Debug|x86
		{E916F569-A30B-4C3B-A538-6041D97E22DB}.Debug|x86.Deploy.0 = Debug|x86
		{E916F569-A30B-4C3B-A538-6041D97E22DB}.Release|Any CPU.ActiveCfg = Release|x86
		{E916F569-A30B-4C3B-A538-6041D97E22DB}.Release|Any CPU.Build.0 = Release|x86
		{E916F569-A30B-4C3B-A538-6041D97E22DB}.Release|Any CPU.Deploy.0 = Release|x86
		{E916F569-A30B-4C3B-A538-6041D97E22DB}.Release|ARM.ActiveCfg = Release|ARM
		{E916F569-A30B-4C3B-A538-6041D97E22DB}.Release|ARM.Build.0 = Release|ARM
		{E916F569-A30B-4C3B-A538-6041D97E22DB}.Release|ARM.Deploy.0 = Release|ARM
		{E916F569-A30B-4C3B-A538-6041D97E22DB}.Release|iPhone.ActiveCfg = Release|x86
		{E916F569-A30B-4C3B-A538-6041D97E22DB}.Release|iPhone.Build.0 = Release|x86
		{E916F569-A30B-4C3B-A538-6041D97E22DB}.Release|iPhone.Deploy.0 = Release|x86
		{E916F569-A30B-4C3B-A538-6041D97E22DB}.Release|iPhoneSimulator.ActiveCfg = Release|x86
		{E916F569-A30B-4C3B-A538-6041D97E22DB}.Release|iPhoneSimulator.Build.0 = Release|x86
		{E916F569-A30B-4C3B-A538-6041D97E22DB}.Release|iPhoneSimulator.Deploy.0 = Release|x86
		{E916F569-A30B-4C3B-A538-6041D97E22DB}.Release|x64.ActiveCfg = Release|x64
		{E916F569-A30B-4C3B-A538-6041D97E22DB}.Release|x64.Build.0 = Release|x64
		{E916F569-A30B-4C3B-A538-6041D97E22DB}.Release|x64.Deploy.0 = Release|x64
		{E916F569-A30B-4C3B-A538-6041D97E22DB}.Release|x86.ActiveCfg = Release|x86
		{E916F569-A30B-4C3B-A538-6041D97E22DB}.Release|x86.Build.0 = Release|x86
		{E916F569-A30B-4C3B-A538-6041D97E22DB}.Release|x86.Deploy.0 = Release|x86
		{AB311495-E412-4E11-9DF1-582779D19186}.Ad-Hoc|Any CPU.ActiveCfg = Debug|Any CPU
		{AB311495-E412-4E11-9DF1-582779D19186}.Ad-Hoc|Any CPU.Build.0 = Debug|Any CPU
		{AB311495-E412-4E11-9DF1-582779D19186}.Ad-Hoc|Any CPU.Deploy.0 = Debug|Any CPU
		{AB311495-E412-4E11-9DF1-582779D19186}.Ad-Hoc|ARM.ActiveCfg = Debug|Any CPU
		{AB311495-E412-4E11-9DF1-582779D19186}.Ad-Hoc|ARM.Build.0 = Debug|Any CPU
		{AB311495-E412-4E11-9DF1-582779D19186}.Ad-Hoc|ARM.Deploy.0 = Debug|Any CPU
		{AB311495-E412-4E11-9DF1-582779D19186}.Ad-Hoc|iPhone.ActiveCfg = Debug|Any CPU
		{AB311495-E412-4E11-9DF1-582779D19186}.Ad-Hoc|iPhone.Build.0 = Debug|Any CPU
		{AB311495-E412-4E11-9DF1-582779D19186}.Ad-Hoc|iPhone.Deploy.0 = Debug|Any CPU
		{AB311495-E412-4E11-9DF1-582779D19186}.Ad-Hoc|iPhoneSimulator.ActiveCfg = Debug|Any CPU
		{AB311495-E412-4E11-9DF1-582779D19186}.Ad-Hoc|iPhoneSimulator.Build.0 = Debug|Any CPU
		{AB311495-E412-4E11-9DF1-582779D19186}.Ad-Hoc|iPhoneSimulator.Deploy.0 = Debug|Any CPU
		{AB311495-E412-4E11-9DF1-582779D19186}.Ad-Hoc|x64.ActiveCfg = Debug|Any CPU
		{AB311495-E412-4E11-9DF1-582779D19186}.Ad-Hoc|x64.Build.0 = Debug|Any CPU
		{AB311495-E412-4E11-9DF1-582779D19186}.Ad-Hoc|x64.Deploy.0 = Debug|Any CPU
		{AB311495-E412-4E11-9DF1-582779D19186}.Ad-Hoc|x86.ActiveCfg = Debug|Any CPU
		{AB311495-E412-4E11-9DF1-582779D19186}.Ad-Hoc|x86.Build.0 = Debug|Any CPU
		{AB311495-E412-4E11-9DF1-582779D19186}.Ad-Hoc|x86.Deploy.0 = Debug|Any CPU
		{AB311495-E412-4E11-9DF1-582779D19186}.AppStore|Any CPU.ActiveCfg = Debug|Any CPU
		{AB311495-E412-4E11-9DF1-582779D19186}.AppStore|Any CPU.Build.0 = Debug|Any CPU
		{AB311495-E412-4E11-9DF1-582779D19186}.AppStore|Any CPU.Deploy.0 = Debug|Any CPU
		{AB311495-E412-4E11-9DF1-582779D19186}.AppStore|ARM.ActiveCfg = Debug|Any CPU
		{AB311495-E412-4E11-9DF1-582779D19186}.AppStore|ARM.Build.0 = Debug|Any CPU
		{AB311495-E412-4E11-9DF1-582779D19186}.AppStore|ARM.Deploy.0 = Debug|Any CPU
		{AB311495-E412-4E11-9DF1-582779D19186}.AppStore|iPhone.ActiveCfg = Debug|Any CPU
		{AB311495-E412-4E11-9DF1-582779D19186}.AppStore|iPhone.Build.0 = Debug|Any CPU
		{AB311495-E412-4E11-9DF1-582779D19186}.AppStore|iPhone.Deploy.0 = Debug|Any CPU
		{AB311495-E412-4E11-9DF1-582779D19186}.AppStore|iPhoneSimulator.ActiveCfg = Debug|Any CPU
		{AB311495-E412-4E11-9DF1-582779D19186}.AppStore|iPhoneSimulator.Build.0 = Debug|Any CPU
		{AB311495-E412-4E11-9DF1-582779D19186}.AppStore|iPhoneSimulator.Deploy.0 = Debug|Any CPU
		{AB311495-E412-4E11-9DF1-582779D19186}.AppStore|x64.ActiveCfg = Debug|Any CPU
		{AB311495-E412-4E11-9DF1-582779D19186}.AppStore|x64.Build.0 = Debug|Any CPU
		{AB311495-E412-4E11-9DF1-582779D19186}.AppStore|x64.Deploy.0 = Debug|Any CPU
		{AB311495-E412-4E11-9DF1-582779D19186}.AppStore|x86.ActiveCfg = Debug|Any CPU
		{AB311495-E412-4E11-9DF1-582779D19186}.AppStore|x86.Build.0 = Debug|Any CPU
		{AB311495-E412-4E11-9DF1-582779D19186}.AppStore|x86.Deploy.0 = Debug|Any CPU
		{AB311495-E412-4E11-9DF1-582779D19186}.Debug|Any CPU.ActiveCfg = Debug|Any CPU
		{AB311495-E412-4E11-9DF1-582779D19186}.Debug|Any CPU.Build.0 = Debug|Any CPU
		{AB311495-E412-4E11-9DF1-582779D19186}.Debug|Any CPU.Deploy.0 = Debug|Any CPU
		{AB311495-E412-4E11-9DF1-582779D19186}.Debug|ARM.ActiveCfg = Debug|Any CPU
		{AB311495-E412-4E11-9DF1-582779D19186}.Debug|ARM.Build.0 = Debug|Any CPU
		{AB311495-E412-4E11-9DF1-582779D19186}.Debug|ARM.Deploy.0 = Debug|Any CPU
		{AB311495-E412-4E11-9DF1-582779D19186}.Debug|iPhone.ActiveCfg = Debug|Any CPU
		{AB311495-E412-4E11-9DF1-582779D19186}.Debug|iPhone.Build.0 = Debug|Any CPU
		{AB311495-E412-4E11-9DF1-582779D19186}.Debug|iPhone.Deploy.0 = Debug|Any CPU
		{AB311495-E412-4E11-9DF1-582779D19186}.Debug|iPhoneSimulator.ActiveCfg = Debug|Any CPU
		{AB311495-E412-4E11-9DF1-582779D19186}.Debug|iPhoneSimulator.Build.0 = Debug|Any CPU
		{AB311495-E412-4E11-9DF1-582779D19186}.Debug|iPhoneSimulator.Deploy.0 = Debug|Any CPU
		{AB311495-E412-4E11-9DF1-582779D19186}.Debug|x64.ActiveCfg = Debug|Any CPU
		{AB311495-E412-4E11-9DF1-582779D19186}.Debug|x64.Build.0 = Debug|Any CPU
		{AB311495-E412-4E11-9DF1-582779D19186}.Debug|x64.Deploy.0 = Debug|Any CPU
		{AB311495-E412-4E11-9DF1-582779D19186}.Debug|x86.ActiveCfg = Debug|Any CPU
		{AB311495-E412-4E11-9DF1-582779D19186}.Debug|x86.Build.0 = Debug|Any CPU
		{AB311495-E412-4E11-9DF1-582779D19186}.Debug|x86.Deploy.0 = Debug|Any CPU
		{AB311495-E412-4E11-9DF1-582779D19186}.Release|Any CPU.ActiveCfg = Release|Any CPU
		{AB311495-E412-4E11-9DF1-582779D19186}.Release|Any CPU.Build.0 = Release|Any CPU
		{AB311495-E412-4E11-9DF1-582779D19186}.Release|Any CPU.Deploy.0 = Release|Any CPU
		{AB311495-E412-4E11-9DF1-582779D19186}.Release|ARM.ActiveCfg = Release|Any CPU
		{AB311495-E412-4E11-9DF1-582779D19186}.Release|ARM.Build.0 = Release|Any CPU
		{AB311495-E412-4E11-9DF1-582779D19186}.Release|ARM.Deploy.0 = Release|Any CPU
		{AB311495-E412-4E11-9DF1-582779D19186}.Release|iPhone.ActiveCfg = Release|Any CPU
		{AB311495-E412-4E11-9DF1-582779D19186}.Release|iPhone.Build.0 = Release|Any CPU
		{AB311495-E412-4E11-9DF1-582779D19186}.Release|iPhone.Deploy.0 = Release|Any CPU
		{AB311495-E412-4E11-9DF1-582779D19186}.Release|iPhoneSimulator.ActiveCfg = Release|Any CPU
		{AB311495-E412-4E11-9DF1-582779D19186}.Release|iPhoneSimulator.Build.0 = Release|Any CPU
		{AB311495-E412-4E11-9DF1-582779D19186}.Release|iPhoneSimulator.Deploy.0 = Release|Any CPU
		{AB311495-E412-4E11-9DF1-582779D19186}.Release|x64.ActiveCfg = Release|Any CPU
		{AB311495-E412-4E11-9DF1-582779D19186}.Release|x64.Build.0 = Release|Any CPU
		{AB311495-E412-4E11-9DF1-582779D19186}.Release|x64.Deploy.0 = Release|Any CPU
		{AB311495-E412-4E11-9DF1-582779D19186}.Release|x86.ActiveCfg = Release|Any CPU
		{AB311495-E412-4E11-9DF1-582779D19186}.Release|x86.Build.0 = Release|Any CPU
		{AB311495-E412-4E11-9DF1-582779D19186}.Release|x86.Deploy.0 = Release|Any CPU
	EndGlobalSection
	GlobalSection(SolutionProperties) = preSolution
		HideSolutionNode = FALSE
	EndGlobalSection
	GlobalSection(ExtensibilityGlobals) = postSolution
		SolutionGuid = {D0131795-4AE6-47FF-AC01-B5A27A5F452E}
	EndGlobalSection
EndGlobal
